
Microsoft Visual Studio Solution File, Format Version 12.00
# Visual Studio 14
VisualStudioVersion = 14.0.25420.1
MinimumVisualStudioVersion = 10.0.40219.1
Project("{FAE04EC0-301F-11D3-BF4B-00C04F79EFBC}") = "TVG.LojaVirtual.Dominio", "TVG.LojaVirtual.Dominio\TVG.LojaVirtual.Dominio.csproj", "{A2C48A1B-4619-4788-B75B-E6E6D9C15026}"
EndProject
Project("{FAE04EC0-301F-11D3-BF4B-00C04F79EFBC}") = "TVG.LojaVirtual.Web", "TVG.LojaVirtual.Web\TVG.LojaVirtual.Web.csproj", "{4DFABABD-AF33-4757-B8DC-632C28A5E398}"
EndProject
Project("{FAE04EC0-301F-11D3-BF4B-00C04F79EFBC}") = "TVG.LojaVirtual.UnitTest", "TVG.LojaVirtual.UnitTest\TVG.LojaVirtual.UnitTest.csproj", "{31AE0E31-6FCD-436B-931E-CBEA182AE215}"
EndProject
Project("{FAE04EC0-301F-11D3-BF4B-00C04F79EFBC}") = "TVG.LojaVirtual.Web.V2", "TVG.LojaVirtual.Web.V2\TVG.LojaVirtual.Web.V2.csproj", "{206C60D9-65E9-4C50-8191-628BE14C2799}"
EndProject
Project("{00D1A9C2-B5F0-4AF3-8072-F6C62B433612}") = "TVG.LojaVirtual.Database", "TVG.LojaVirtual.Scripts\TVG.LojaVirtual.Database.sqlproj", "{883C47E8-2394-44A2-8FC4-B56FFB2E735F}"
EndProject
Global
	GlobalSection(SolutionConfigurationPlatforms) = preSolution
		Debug|Any CPU = Debug|Any CPU
		Release|Any CPU = Release|Any CPU
	EndGlobalSection
	GlobalSection(ProjectConfigurationPlatforms) = postSolution
		{A2C48A1B-4619-4788-B75B-E6E6D9C15026}.Debug|Any CPU.ActiveCfg = Debug|Any CPU
		{A2C48A1B-4619-4788-B75B-E6E6D9C15026}.Debug|Any CPU.Build.0 = Debug|Any CPU
		{A2C48A1B-4619-4788-B75B-E6E6D9C15026}.Release|Any CPU.ActiveCfg = Release|Any CPU
		{A2C48A1B-4619-4788-B75B-E6E6D9C15026}.Release|Any CPU.Build.0 = Release|Any CPU
		{4DFABABD-AF33-4757-B8DC-632C28A5E398}.Debug|Any CPU.ActiveCfg = Debug|Any CPU
		{4DFABABD-AF33-4757-B8DC-632C28A5E398}.Debug|Any CPU.Build.0 = Debug|Any CPU
		{4DFABABD-AF33-4757-B8DC-632C28A5E398}.Release|Any CPU.ActiveCfg = Release|Any CPU
		{4DFABABD-AF33-4757-B8DC-632C28A5E398}.Release|Any CPU.Build.0 = Release|Any CPU
		{31AE0E31-6FCD-436B-931E-CBEA182AE215}.Debug|Any CPU.ActiveCfg = Debug|Any CPU
		{31AE0E31-6FCD-436B-931E-CBEA182AE215}.Debug|Any CPU.Build.0 = Debug|Any CPU
		{31AE0E31-6FCD-436B-931E-CBEA182AE215}.Release|Any CPU.ActiveCfg = Release|Any CPU
		{31AE0E31-6FCD-436B-931E-CBEA182AE215}.Release|Any CPU.Build.0 = Release|Any CPU
		{206C60D9-65E9-4C50-8191-628BE14C2799}.Debug|Any CPU.ActiveCfg = Debug|Any CPU
		{206C60D9-65E9-4C50-8191-628BE14C2799}.Debug|Any CPU.Build.0 = Debug|Any CPU
		{206C60D9-65E9-4C50-8191-628BE14C2799}.Release|Any CPU.ActiveCfg = Release|Any CPU
		{206C60D9-65E9-4C50-8191-628BE14C2799}.Release|Any CPU.Build.0 = Release|Any CPU
		{883C47E8-2394-44A2-8FC4-B56FFB2E735F}.Debug|Any CPU.ActiveCfg = Debug|Any CPU
		{883C47E8-2394-44A2-8FC4-B56FFB2E735F}.Debug|Any CPU.Build.0 = Debug|Any CPU
		{883C47E8-2394-44A2-8FC4-B56FFB2E735F}.Debug|Any CPU.Deploy.0 = Debug|Any CPU
		{883C47E8-2394-44A2-8FC4-B56FFB2E735F}.Release|Any CPU.ActiveCfg = Release|Any CPU
		{883C47E8-2394-44A2-8FC4-B56FFB2E735F}.Release|Any CPU.Build.0 = Release|Any CPU
		{883C47E8-2394-44A2-8FC4-B56FFB2E735F}.Release|Any CPU.Deploy.0 = Release|Any CPU
	EndGlobalSection
	GlobalSection(SolutionProperties) = preSolution
		HideSolutionNode = FALSE
	EndGlobalSection
EndGlobal
